// !$*UTF8*$!
{
	archiveVersion = 1;
	classes = {
	};
	objectVersion = 46;
	objects = {

/* Begin PBXBuildFile section */
		DFF226FF1EE4F3E00020A582 /* fazendinha.framework in Frameworks */ = {isa = PBXBuildFile; fileRef = DFF226F51EE4F3E00020A582 /* fazendinha.framework */; };
		DFF2271D1EE4F3FF0020A582 /* fazendinha.framework in Frameworks */ = {isa = PBXBuildFile; fileRef = DFF227141EE4F3FE0020A582 /* fazendinha.framework */; };
		DFF227461EE4F4280020A582 /* fazendinha.framework in Frameworks */ = {isa = PBXBuildFile; fileRef = DFF2273D1EE4F4270020A582 /* fazendinha.framework */; };
		DFF2276C1EE4F53E0020A582 /* CNPJ.swift in Sources */ = {isa = PBXBuildFile; fileRef = DFF227551EE4F4CA0020A582 /* CNPJ.swift */; };
		DFF2276D1EE4F53E0020A582 /* CPF.swift in Sources */ = {isa = PBXBuildFile; fileRef = DFF227561EE4F4CA0020A582 /* CPF.swift */; };
		DFF2276E1EE4F53E0020A582 /* fazendinha.h in Headers */ = {isa = PBXBuildFile; fileRef = DFF227571EE4F4CA0020A582 /* fazendinha.h */; settings = {ATTRIBUTES = (Public, ); }; };
		DFF2276F1EE4F53E0020A582 /* FiscalRegion.swift in Sources */ = {isa = PBXBuildFile; fileRef = DFF227581EE4F4CA0020A582 /* FiscalRegion.swift */; };
		DFF227701EE4F53E0020A582 /* Generator.swift in Sources */ = {isa = PBXBuildFile; fileRef = DFF227591EE4F4CA0020A582 /* Generator.swift */; };
		DFF227711EE4F53E0020A582 /* Parser.swift in Sources */ = {isa = PBXBuildFile; fileRef = DFF2275B1EE4F4CA0020A582 /* Parser.swift */; };
		DFF227721EE4F53E0020A582 /* Protocols.swift in Sources */ = {isa = PBXBuildFile; fileRef = DFF2275C1EE4F4CA0020A582 /* Protocols.swift */; };
		DFF227731EE4F53E0020A582 /* State.swift in Sources */ = {isa = PBXBuildFile; fileRef = DFF2275D1EE4F4CA0020A582 /* State.swift */; };
		DFF227741EE4F53E0020A582 /* Validator.swift in Sources */ = {isa = PBXBuildFile; fileRef = DFF2275E1EE4F4CA0020A582 /* Validator.swift */; };
		DFF227751EE4F53F0020A582 /* CNPJ.swift in Sources */ = {isa = PBXBuildFile; fileRef = DFF227551EE4F4CA0020A582 /* CNPJ.swift */; };
		DFF227761EE4F53F0020A582 /* CPF.swift in Sources */ = {isa = PBXBuildFile; fileRef = DFF227561EE4F4CA0020A582 /* CPF.swift */; };
		DFF227771EE4F53F0020A582 /* fazendinha.h in Headers */ = {isa = PBXBuildFile; fileRef = DFF227571EE4F4CA0020A582 /* fazendinha.h */; settings = {ATTRIBUTES = (Public, ); }; };
		DFF227781EE4F53F0020A582 /* FiscalRegion.swift in Sources */ = {isa = PBXBuildFile; fileRef = DFF227581EE4F4CA0020A582 /* FiscalRegion.swift */; };
		DFF227791EE4F53F0020A582 /* Generator.swift in Sources */ = {isa = PBXBuildFile; fileRef = DFF227591EE4F4CA0020A582 /* Generator.swift */; };
		DFF2277A1EE4F53F0020A582 /* Parser.swift in Sources */ = {isa = PBXBuildFile; fileRef = DFF2275B1EE4F4CA0020A582 /* Parser.swift */; };
		DFF2277B1EE4F53F0020A582 /* Protocols.swift in Sources */ = {isa = PBXBuildFile; fileRef = DFF2275C1EE4F4CA0020A582 /* Protocols.swift */; };
		DFF2277C1EE4F53F0020A582 /* State.swift in Sources */ = {isa = PBXBuildFile; fileRef = DFF2275D1EE4F4CA0020A582 /* State.swift */; };
		DFF2277D1EE4F53F0020A582 /* Validator.swift in Sources */ = {isa = PBXBuildFile; fileRef = DFF2275E1EE4F4CA0020A582 /* Validator.swift */; };
		DFF2277E1EE4F5400020A582 /* CNPJ.swift in Sources */ = {isa = PBXBuildFile; fileRef = DFF227551EE4F4CA0020A582 /* CNPJ.swift */; };
		DFF2277F1EE4F5400020A582 /* CPF.swift in Sources */ = {isa = PBXBuildFile; fileRef = DFF227561EE4F4CA0020A582 /* CPF.swift */; };
		DFF227801EE4F5400020A582 /* fazendinha.h in Headers */ = {isa = PBXBuildFile; fileRef = DFF227571EE4F4CA0020A582 /* fazendinha.h */; settings = {ATTRIBUTES = (Public, ); }; };
		DFF227811EE4F5400020A582 /* FiscalRegion.swift in Sources */ = {isa = PBXBuildFile; fileRef = DFF227581EE4F4CA0020A582 /* FiscalRegion.swift */; };
		DFF227821EE4F5400020A582 /* Generator.swift in Sources */ = {isa = PBXBuildFile; fileRef = DFF227591EE4F4CA0020A582 /* Generator.swift */; };
		DFF227831EE4F5400020A582 /* Parser.swift in Sources */ = {isa = PBXBuildFile; fileRef = DFF2275B1EE4F4CA0020A582 /* Parser.swift */; };
		DFF227841EE4F5400020A582 /* Protocols.swift in Sources */ = {isa = PBXBuildFile; fileRef = DFF2275C1EE4F4CA0020A582 /* Protocols.swift */; };
		DFF227851EE4F5400020A582 /* State.swift in Sources */ = {isa = PBXBuildFile; fileRef = DFF2275D1EE4F4CA0020A582 /* State.swift */; };
		DFF227861EE4F5400020A582 /* Validator.swift in Sources */ = {isa = PBXBuildFile; fileRef = DFF2275E1EE4F4CA0020A582 /* Validator.swift */; };
		DFF227871EE4F5410020A582 /* CNPJ.swift in Sources */ = {isa = PBXBuildFile; fileRef = DFF227551EE4F4CA0020A582 /* CNPJ.swift */; };
		DFF227881EE4F5410020A582 /* CPF.swift in Sources */ = {isa = PBXBuildFile; fileRef = DFF227561EE4F4CA0020A582 /* CPF.swift */; };
		DFF227891EE4F5410020A582 /* fazendinha.h in Headers */ = {isa = PBXBuildFile; fileRef = DFF227571EE4F4CA0020A582 /* fazendinha.h */; settings = {ATTRIBUTES = (Public, ); }; };
		DFF2278A1EE4F5410020A582 /* FiscalRegion.swift in Sources */ = {isa = PBXBuildFile; fileRef = DFF227581EE4F4CA0020A582 /* FiscalRegion.swift */; };
		DFF2278B1EE4F5410020A582 /* Generator.swift in Sources */ = {isa = PBXBuildFile; fileRef = DFF227591EE4F4CA0020A582 /* Generator.swift */; };
		DFF2278C1EE4F5410020A582 /* Parser.swift in Sources */ = {isa = PBXBuildFile; fileRef = DFF2275B1EE4F4CA0020A582 /* Parser.swift */; };
		DFF2278D1EE4F5410020A582 /* Protocols.swift in Sources */ = {isa = PBXBuildFile; fileRef = DFF2275C1EE4F4CA0020A582 /* Protocols.swift */; };
		DFF2278E1EE4F5410020A582 /* State.swift in Sources */ = {isa = PBXBuildFile; fileRef = DFF2275D1EE4F4CA0020A582 /* State.swift */; };
		DFF2278F1EE4F5410020A582 /* Validator.swift in Sources */ = {isa = PBXBuildFile; fileRef = DFF2275E1EE4F4CA0020A582 /* Validator.swift */; };
		DFF227981EE4F5560020A582 /* CNPJTests.swift in Sources */ = {isa = PBXBuildFile; fileRef = DFF227601EE4F4CA0020A582 /* CNPJTests.swift */; };
		DFF227991EE4F5560020A582 /* CPFTests.swift in Sources */ = {isa = PBXBuildFile; fileRef = DFF227611EE4F4CA0020A582 /* CPFTests.swift */; };
		DFF2279A1EE4F5560020A582 /* fazendinhaTests.swift in Sources */ = {isa = PBXBuildFile; fileRef = DFF227621EE4F4CA0020A582 /* fazendinhaTests.swift */; };
		DFF2279B1EE4F5560020A582 /* FiscalRegionTests.swift in Sources */ = {isa = PBXBuildFile; fileRef = DFF227631EE4F4CA0020A582 /* FiscalRegionTests.swift */; };
		DFF2279C1EE4F5560020A582 /* GeneratedCNPJList.txt in Resources */ = {isa = PBXBuildFile; fileRef = DFF227641EE4F4CA0020A582 /* GeneratedCNPJList.txt */; };
		DFF2279D1EE4F5560020A582 /* GeneratedCPFList.txt in Resources */ = {isa = PBXBuildFile; fileRef = DFF227651EE4F4CA0020A582 /* GeneratedCPFList.txt */; };
		DFF2279E1EE4F5560020A582 /* ListImporter.swift in Sources */ = {isa = PBXBuildFile; fileRef = DFF227671EE4F4CA0020A582 /* ListImporter.swift */; };
		DFF2279F1EE4F5560020A582 /* ParserTests.swift in Sources */ = {isa = PBXBuildFile; fileRef = DFF227681EE4F4CA0020A582 /* ParserTests.swift */; };
		DFF227A01EE4F5560020A582 /* StateTests.swift in Sources */ = {isa = PBXBuildFile; fileRef = DFF227691EE4F4CA0020A582 /* StateTests.swift */; };
		DFF227A11EE4F5560020A582 /* CNPJTests.swift in Sources */ = {isa = PBXBuildFile; fileRef = DFF227601EE4F4CA0020A582 /* CNPJTests.swift */; };
		DFF227A21EE4F5560020A582 /* CPFTests.swift in Sources */ = {isa = PBXBuildFile; fileRef = DFF227611EE4F4CA0020A582 /* CPFTests.swift */; };
		DFF227A31EE4F5560020A582 /* fazendinhaTests.swift in Sources */ = {isa = PBXBuildFile; fileRef = DFF227621EE4F4CA0020A582 /* fazendinhaTests.swift */; };
		DFF227A41EE4F5560020A582 /* FiscalRegionTests.swift in Sources */ = {isa = PBXBuildFile; fileRef = DFF227631EE4F4CA0020A582 /* FiscalRegionTests.swift */; };
		DFF227A51EE4F5560020A582 /* GeneratedCNPJList.txt in Resources */ = {isa = PBXBuildFile; fileRef = DFF227641EE4F4CA0020A582 /* GeneratedCNPJList.txt */; };
		DFF227A61EE4F5560020A582 /* GeneratedCPFList.txt in Resources */ = {isa = PBXBuildFile; fileRef = DFF227651EE4F4CA0020A582 /* GeneratedCPFList.txt */; };
		DFF227A71EE4F5560020A582 /* ListImporter.swift in Sources */ = {isa = PBXBuildFile; fileRef = DFF227671EE4F4CA0020A582 /* ListImporter.swift */; };
		DFF227A81EE4F5560020A582 /* ParserTests.swift in Sources */ = {isa = PBXBuildFile; fileRef = DFF227681EE4F4CA0020A582 /* ParserTests.swift */; };
		DFF227A91EE4F5560020A582 /* StateTests.swift in Sources */ = {isa = PBXBuildFile; fileRef = DFF227691EE4F4CA0020A582 /* StateTests.swift */; };
		DFF227AA1EE4F5570020A582 /* CNPJTests.swift in Sources */ = {isa = PBXBuildFile; fileRef = DFF227601EE4F4CA0020A582 /* CNPJTests.swift */; };
		DFF227AB1EE4F5570020A582 /* CPFTests.swift in Sources */ = {isa = PBXBuildFile; fileRef = DFF227611EE4F4CA0020A582 /* CPFTests.swift */; };
		DFF227AC1EE4F5570020A582 /* fazendinhaTests.swift in Sources */ = {isa = PBXBuildFile; fileRef = DFF227621EE4F4CA0020A582 /* fazendinhaTests.swift */; };
		DFF227AD1EE4F5570020A582 /* FiscalRegionTests.swift in Sources */ = {isa = PBXBuildFile; fileRef = DFF227631EE4F4CA0020A582 /* FiscalRegionTests.swift */; };
		DFF227AE1EE4F5570020A582 /* GeneratedCNPJList.txt in Resources */ = {isa = PBXBuildFile; fileRef = DFF227641EE4F4CA0020A582 /* GeneratedCNPJList.txt */; };
		DFF227AF1EE4F5570020A582 /* GeneratedCPFList.txt in Resources */ = {isa = PBXBuildFile; fileRef = DFF227651EE4F4CA0020A582 /* GeneratedCPFList.txt */; };
		DFF227B01EE4F5570020A582 /* ListImporter.swift in Sources */ = {isa = PBXBuildFile; fileRef = DFF227671EE4F4CA0020A582 /* ListImporter.swift */; };
		DFF227B11EE4F5570020A582 /* ParserTests.swift in Sources */ = {isa = PBXBuildFile; fileRef = DFF227681EE4F4CA0020A582 /* ParserTests.swift */; };
		DFF227B21EE4F5570020A582 /* StateTests.swift in Sources */ = {isa = PBXBuildFile; fileRef = DFF227691EE4F4CA0020A582 /* StateTests.swift */; };
/* End PBXBuildFile section */

/* Begin PBXContainerItemProxy section */
		DFF227001EE4F3E00020A582 /* PBXContainerItemProxy */ = {
			isa = PBXContainerItemProxy;
			containerPortal = DFF226EC1EE4F3E00020A582 /* Project object */;
			proxyType = 1;
			remoteGlobalIDString = DFF226F41EE4F3E00020A582;
			remoteInfo = fazendinha_macOS;
		};
		DFF2271E1EE4F3FF0020A582 /* PBXContainerItemProxy */ = {
			isa = PBXContainerItemProxy;
			containerPortal = DFF226EC1EE4F3E00020A582 /* Project object */;
			proxyType = 1;
			remoteGlobalIDString = DFF227131EE4F3FE0020A582;
			remoteInfo = fazendinha_iOS;
		};
		DFF227471EE4F4280020A582 /* PBXContainerItemProxy */ = {
			isa = PBXContainerItemProxy;
			containerPortal = DFF226EC1EE4F3E00020A582 /* Project object */;
			proxyType = 1;
			remoteGlobalIDString = DFF2273C1EE4F4270020A582;
			remoteInfo = fazendinha_tvOS;
		};
/* End PBXContainerItemProxy section */

/* Begin PBXFileReference section */
		DF9CF74E1EECE4E0005B4A8D /* README.md */ = {isa = PBXFileReference; lastKnownFileType = net.daringfireball.markdown; path = README.md; sourceTree = "<group>"; };
		DFF226F51EE4F3E00020A582 /* fazendinha.framework */ = {isa = PBXFileReference; explicitFileType = wrapper.framework; includeInIndex = 0; path = fazendinha.framework; sourceTree = BUILT_PRODUCTS_DIR; };
		DFF226FE1EE4F3E00020A582 /* fazendinha_macOSTests.xctest */ = {isa = PBXFileReference; explicitFileType = wrapper.cfbundle; includeInIndex = 0; path = fazendinha_macOSTests.xctest; sourceTree = BUILT_PRODUCTS_DIR; };
		DFF227141EE4F3FE0020A582 /* fazendinha.framework */ = {isa = PBXFileReference; explicitFileType = wrapper.framework; includeInIndex = 0; path = fazendinha.framework; sourceTree = BUILT_PRODUCTS_DIR; };
		DFF2271C1EE4F3FF0020A582 /* fazendinha_iOSTests.xctest */ = {isa = PBXFileReference; explicitFileType = wrapper.cfbundle; includeInIndex = 0; path = fazendinha_iOSTests.xctest; sourceTree = BUILT_PRODUCTS_DIR; };
		DFF227301EE4F4190020A582 /* fazendinha.framework */ = {isa = PBXFileReference; explicitFileType = wrapper.framework; includeInIndex = 0; path = fazendinha.framework; sourceTree = BUILT_PRODUCTS_DIR; };
		DFF2273D1EE4F4270020A582 /* fazendinha.framework */ = {isa = PBXFileReference; explicitFileType = wrapper.framework; includeInIndex = 0; path = fazendinha.framework; sourceTree = BUILT_PRODUCTS_DIR; };
		DFF227451EE4F4270020A582 /* fazendinha_tvOSTests.xctest */ = {isa = PBXFileReference; explicitFileType = wrapper.cfbundle; includeInIndex = 0; path = fazendinha_tvOSTests.xctest; sourceTree = BUILT_PRODUCTS_DIR; };
		DFF227551EE4F4CA0020A582 /* CNPJ.swift */ = {isa = PBXFileReference; lastKnownFileType = sourcecode.swift; path = CNPJ.swift; sourceTree = "<group>"; };
		DFF227561EE4F4CA0020A582 /* CPF.swift */ = {isa = PBXFileReference; lastKnownFileType = sourcecode.swift; path = CPF.swift; sourceTree = "<group>"; };
		DFF227571EE4F4CA0020A582 /* fazendinha.h */ = {isa = PBXFileReference; lastKnownFileType = sourcecode.c.h; path = fazendinha.h; sourceTree = "<group>"; };
		DFF227581EE4F4CA0020A582 /* FiscalRegion.swift */ = {isa = PBXFileReference; lastKnownFileType = sourcecode.swift; path = FiscalRegion.swift; sourceTree = "<group>"; };
		DFF227591EE4F4CA0020A582 /* Generator.swift */ = {isa = PBXFileReference; lastKnownFileType = sourcecode.swift; path = Generator.swift; sourceTree = "<group>"; };
		DFF2275A1EE4F4CA0020A582 /* Info.plist */ = {isa = PBXFileReference; lastKnownFileType = text.plist.xml; path = Info.plist; sourceTree = "<group>"; };
		DFF2275B1EE4F4CA0020A582 /* Parser.swift */ = {isa = PBXFileReference; lastKnownFileType = sourcecode.swift; path = Parser.swift; sourceTree = "<group>"; };
		DFF2275C1EE4F4CA0020A582 /* Protocols.swift */ = {isa = PBXFileReference; lastKnownFileType = sourcecode.swift; path = Protocols.swift; sourceTree = "<group>"; };
		DFF2275D1EE4F4CA0020A582 /* State.swift */ = {isa = PBXFileReference; lastKnownFileType = sourcecode.swift; path = State.swift; sourceTree = "<group>"; };
		DFF2275E1EE4F4CA0020A582 /* Validator.swift */ = {isa = PBXFileReference; lastKnownFileType = sourcecode.swift; path = Validator.swift; sourceTree = "<group>"; };
		DFF227601EE4F4CA0020A582 /* CNPJTests.swift */ = {isa = PBXFileReference; lastKnownFileType = sourcecode.swift; path = CNPJTests.swift; sourceTree = "<group>"; };
		DFF227611EE4F4CA0020A582 /* CPFTests.swift */ = {isa = PBXFileReference; lastKnownFileType = sourcecode.swift; path = CPFTests.swift; sourceTree = "<group>"; };
		DFF227621EE4F4CA0020A582 /* fazendinhaTests.swift */ = {isa = PBXFileReference; lastKnownFileType = sourcecode.swift; path = fazendinhaTests.swift; sourceTree = "<group>"; };
		DFF227631EE4F4CA0020A582 /* FiscalRegionTests.swift */ = {isa = PBXFileReference; lastKnownFileType = sourcecode.swift; path = FiscalRegionTests.swift; sourceTree = "<group>"; };
		DFF227641EE4F4CA0020A582 /* GeneratedCNPJList.txt */ = {isa = PBXFileReference; lastKnownFileType = text; path = GeneratedCNPJList.txt; sourceTree = "<group>"; };
		DFF227651EE4F4CA0020A582 /* GeneratedCPFList.txt */ = {isa = PBXFileReference; lastKnownFileType = text; path = GeneratedCPFList.txt; sourceTree = "<group>"; };
		DFF227661EE4F4CA0020A582 /* Info.plist */ = {isa = PBXFileReference; lastKnownFileType = text.plist.xml; path = Info.plist; sourceTree = "<group>"; };
		DFF227671EE4F4CA0020A582 /* ListImporter.swift */ = {isa = PBXFileReference; lastKnownFileType = sourcecode.swift; path = ListImporter.swift; sourceTree = "<group>"; };
		DFF227681EE4F4CA0020A582 /* ParserTests.swift */ = {isa = PBXFileReference; lastKnownFileType = sourcecode.swift; path = ParserTests.swift; sourceTree = "<group>"; };
		DFF227691EE4F4CA0020A582 /* StateTests.swift */ = {isa = PBXFileReference; lastKnownFileType = sourcecode.swift; path = StateTests.swift; sourceTree = "<group>"; };
/* End PBXFileReference section */

/* Begin PBXFrameworksBuildPhase section */
		DFF226F11EE4F3E00020A582 /* Frameworks */ = {
			isa = PBXFrameworksBuildPhase;
			buildActionMask = 2147483647;
			files = (
			);
			runOnlyForDeploymentPostprocessing = 0;
		};
		DFF226FB1EE4F3E00020A582 /* Frameworks */ = {
			isa = PBXFrameworksBuildPhase;
			buildActionMask = 2147483647;
			files = (
				DFF226FF1EE4F3E00020A582 /* fazendinha.framework in Frameworks */,
			);
			runOnlyForDeploymentPostprocessing = 0;
		};
		DFF227101EE4F3FE0020A582 /* Frameworks */ = {
			isa = PBXFrameworksBuildPhase;
			buildActionMask = 2147483647;
			files = (
			);
			runOnlyForDeploymentPostprocessing = 0;
		};
		DFF227191EE4F3FF0020A582 /* Frameworks */ = {
			isa = PBXFrameworksBuildPhase;
			buildActionMask = 2147483647;
			files = (
				DFF2271D1EE4F3FF0020A582 /* fazendinha.framework in Frameworks */,
			);
			runOnlyForDeploymentPostprocessing = 0;
		};
		DFF2272C1EE4F4190020A582 /* Frameworks */ = {
			isa = PBXFrameworksBuildPhase;
			buildActionMask = 2147483647;
			files = (
			);
			runOnlyForDeploymentPostprocessing = 0;
		};
		DFF227391EE4F4270020A582 /* Frameworks */ = {
			isa = PBXFrameworksBuildPhase;
			buildActionMask = 2147483647;
			files = (
			);
			runOnlyForDeploymentPostprocessing = 0;
		};
		DFF227421EE4F4270020A582 /* Frameworks */ = {
			isa = PBXFrameworksBuildPhase;
			buildActionMask = 2147483647;
			files = (
				DFF227461EE4F4280020A582 /* fazendinha.framework in Frameworks */,
			);
			runOnlyForDeploymentPostprocessing = 0;
		};
/* End PBXFrameworksBuildPhase section */

/* Begin PBXGroup section */
		DFF226EB1EE4F3E00020A582 = {
			isa = PBXGroup;
			children = (
				DF9CF74E1EECE4E0005B4A8D /* README.md */,
				DFF227541EE4F4CA0020A582 /* Common */,
				DFF2275F1EE4F4CA0020A582 /* CommonTests */,
				DFF226F61EE4F3E00020A582 /* Products */,
			);
			sourceTree = "<group>";
		};
		DFF226F61EE4F3E00020A582 /* Products */ = {
			isa = PBXGroup;
			children = (
				DFF226F51EE4F3E00020A582 /* fazendinha.framework */,
				DFF226FE1EE4F3E00020A582 /* fazendinha_macOSTests.xctest */,
				DFF227141EE4F3FE0020A582 /* fazendinha.framework */,
				DFF2271C1EE4F3FF0020A582 /* fazendinha_iOSTests.xctest */,
				DFF227301EE4F4190020A582 /* fazendinha.framework */,
				DFF2273D1EE4F4270020A582 /* fazendinha.framework */,
				DFF227451EE4F4270020A582 /* fazendinha_tvOSTests.xctest */,
			);
			name = Products;
			sourceTree = "<group>";
		};
		DFF227541EE4F4CA0020A582 /* Common */ = {
			isa = PBXGroup;
			children = (
				DFF227551EE4F4CA0020A582 /* CNPJ.swift */,
				DFF227561EE4F4CA0020A582 /* CPF.swift */,
				DFF227571EE4F4CA0020A582 /* fazendinha.h */,
				DFF227581EE4F4CA0020A582 /* FiscalRegion.swift */,
				DFF227591EE4F4CA0020A582 /* Generator.swift */,
				DFF2275A1EE4F4CA0020A582 /* Info.plist */,
				DFF2275B1EE4F4CA0020A582 /* Parser.swift */,
				DFF2275C1EE4F4CA0020A582 /* Protocols.swift */,
				DFF2275D1EE4F4CA0020A582 /* State.swift */,
				DFF2275E1EE4F4CA0020A582 /* Validator.swift */,
			);
			path = Common;
			sourceTree = "<group>";
		};
		DFF2275F1EE4F4CA0020A582 /* CommonTests */ = {
			isa = PBXGroup;
			children = (
				DFF227B31EE4F95E0020A582 /* fixtures */,
				DFF227601EE4F4CA0020A582 /* CNPJTests.swift */,
				DFF227611EE4F4CA0020A582 /* CPFTests.swift */,
				DFF227621EE4F4CA0020A582 /* fazendinhaTests.swift */,
				DFF227631EE4F4CA0020A582 /* FiscalRegionTests.swift */,
				DFF227661EE4F4CA0020A582 /* Info.plist */,
				DFF227671EE4F4CA0020A582 /* ListImporter.swift */,
				DFF227681EE4F4CA0020A582 /* ParserTests.swift */,
				DFF227691EE4F4CA0020A582 /* StateTests.swift */,
			);
			path = CommonTests;
			sourceTree = "<group>";
		};
		DFF227B31EE4F95E0020A582 /* fixtures */ = {
			isa = PBXGroup;
			children = (
				DFF227641EE4F4CA0020A582 /* GeneratedCNPJList.txt */,
				DFF227651EE4F4CA0020A582 /* GeneratedCPFList.txt */,
			);
			name = fixtures;
			sourceTree = "<group>";
		};
/* End PBXGroup section */

/* Begin PBXHeadersBuildPhase section */
		DFF226F21EE4F3E00020A582 /* Headers */ = {
			isa = PBXHeadersBuildPhase;
			buildActionMask = 2147483647;
			files = (
				DFF2276E1EE4F53E0020A582 /* fazendinha.h in Headers */,
			);
			runOnlyForDeploymentPostprocessing = 0;
		};
		DFF227111EE4F3FE0020A582 /* Headers */ = {
			isa = PBXHeadersBuildPhase;
			buildActionMask = 2147483647;
			files = (
				DFF227771EE4F53F0020A582 /* fazendinha.h in Headers */,
			);
			runOnlyForDeploymentPostprocessing = 0;
		};
		DFF2272D1EE4F4190020A582 /* Headers */ = {
			isa = PBXHeadersBuildPhase;
			buildActionMask = 2147483647;
			files = (
				DFF227801EE4F5400020A582 /* fazendinha.h in Headers */,
			);
			runOnlyForDeploymentPostprocessing = 0;
		};
		DFF2273A1EE4F4270020A582 /* Headers */ = {
			isa = PBXHeadersBuildPhase;
			buildActionMask = 2147483647;
			files = (
				DFF227891EE4F5410020A582 /* fazendinha.h in Headers */,
			);
			runOnlyForDeploymentPostprocessing = 0;
		};
/* End PBXHeadersBuildPhase section */

/* Begin PBXNativeTarget section */
		DFF226F41EE4F3E00020A582 /* fazendinha_macOS */ = {
			isa = PBXNativeTarget;
			buildConfigurationList = DFF227091EE4F3E00020A582 /* Build configuration list for PBXNativeTarget "fazendinha_macOS" */;
			buildPhases = (
				DFF226F01EE4F3E00020A582 /* Sources */,
				DFF226F11EE4F3E00020A582 /* Frameworks */,
				DFF226F21EE4F3E00020A582 /* Headers */,
				DFF226F31EE4F3E00020A582 /* Resources */,
			);
			buildRules = (
			);
			dependencies = (
			);
			name = fazendinha_macOS;
			productName = fazendinha_macOS;
			productReference = DFF226F51EE4F3E00020A582 /* fazendinha.framework */;
			productType = "com.apple.product-type.framework";
		};
		DFF226FD1EE4F3E00020A582 /* fazendinha_macOSTests */ = {
			isa = PBXNativeTarget;
			buildConfigurationList = DFF2270C1EE4F3E00020A582 /* Build configuration list for PBXNativeTarget "fazendinha_macOSTests" */;
			buildPhases = (
				DFF226FA1EE4F3E00020A582 /* Sources */,
				DFF226FB1EE4F3E00020A582 /* Frameworks */,
				DFF226FC1EE4F3E00020A582 /* Resources */,
			);
			buildRules = (
			);
			dependencies = (
				DFF227011EE4F3E00020A582 /* PBXTargetDependency */,
			);
			name = fazendinha_macOSTests;
			productName = fazendinha_macOSTests;
			productReference = DFF226FE1EE4F3E00020A582 /* fazendinha_macOSTests.xctest */;
			productType = "com.apple.product-type.bundle.unit-test";
		};
		DFF227131EE4F3FE0020A582 /* fazendinha_iOS */ = {
			isa = PBXNativeTarget;
			buildConfigurationList = DFF227251EE4F3FF0020A582 /* Build configuration list for PBXNativeTarget "fazendinha_iOS" */;
			buildPhases = (
				DFF2270F1EE4F3FE0020A582 /* Sources */,
				DFF227101EE4F3FE0020A582 /* Frameworks */,
				DFF227111EE4F3FE0020A582 /* Headers */,
				DFF227121EE4F3FE0020A582 /* Resources */,
				DF9CF74F1EECE706005B4A8D /* SwiftLint */,
			);
			buildRules = (
			);
			dependencies = (
			);
			name = fazendinha_iOS;
			productName = fazendinha_iOS;
			productReference = DFF227141EE4F3FE0020A582 /* fazendinha.framework */;
			productType = "com.apple.product-type.framework";
		};
		DFF2271B1EE4F3FF0020A582 /* fazendinha_iOSTests */ = {
			isa = PBXNativeTarget;
			buildConfigurationList = DFF227281EE4F3FF0020A582 /* Build configuration list for PBXNativeTarget "fazendinha_iOSTests" */;
			buildPhases = (
				DFF227181EE4F3FF0020A582 /* Sources */,
				DFF227191EE4F3FF0020A582 /* Frameworks */,
				DFF2271A1EE4F3FF0020A582 /* Resources */,
			);
			buildRules = (
			);
			dependencies = (
				DFF2271F1EE4F3FF0020A582 /* PBXTargetDependency */,
			);
			name = fazendinha_iOSTests;
			productName = fazendinha_iOSTests;
			productReference = DFF2271C1EE4F3FF0020A582 /* fazendinha_iOSTests.xctest */;
			productType = "com.apple.product-type.bundle.unit-test";
		};
		DFF2272F1EE4F4190020A582 /* fazendinha_watchOS */ = {
			isa = PBXNativeTarget;
			buildConfigurationList = DFF227351EE4F4190020A582 /* Build configuration list for PBXNativeTarget "fazendinha_watchOS" */;
			buildPhases = (
				DFF2272B1EE4F4190020A582 /* Sources */,
				DFF2272C1EE4F4190020A582 /* Frameworks */,
				DFF2272D1EE4F4190020A582 /* Headers */,
				DFF2272E1EE4F4190020A582 /* Resources */,
			);
			buildRules = (
			);
			dependencies = (
			);
			name = fazendinha_watchOS;
			productName = fazendinha_watchOS;
			productReference = DFF227301EE4F4190020A582 /* fazendinha.framework */;
			productType = "com.apple.product-type.framework";
		};
		DFF2273C1EE4F4270020A582 /* fazendinha_tvOS */ = {
			isa = PBXNativeTarget;
			buildConfigurationList = DFF2274E1EE4F4280020A582 /* Build configuration list for PBXNativeTarget "fazendinha_tvOS" */;
			buildPhases = (
				DFF227381EE4F4270020A582 /* Sources */,
				DFF227391EE4F4270020A582 /* Frameworks */,
				DFF2273A1EE4F4270020A582 /* Headers */,
				DFF2273B1EE4F4270020A582 /* Resources */,
			);
			buildRules = (
			);
			dependencies = (
			);
			name = fazendinha_tvOS;
			productName = fazendinha_tvOS;
			productReference = DFF2273D1EE4F4270020A582 /* fazendinha.framework */;
			productType = "com.apple.product-type.framework";
		};
		DFF227441EE4F4270020A582 /* fazendinha_tvOSTests */ = {
			isa = PBXNativeTarget;
			buildConfigurationList = DFF227511EE4F4280020A582 /* Build configuration list for PBXNativeTarget "fazendinha_tvOSTests" */;
			buildPhases = (
				DFF227411EE4F4270020A582 /* Sources */,
				DFF227421EE4F4270020A582 /* Frameworks */,
				DFF227431EE4F4270020A582 /* Resources */,
			);
			buildRules = (
			);
			dependencies = (
				DFF227481EE4F4280020A582 /* PBXTargetDependency */,
			);
			name = fazendinha_tvOSTests;
			productName = fazendinha_tvOSTests;
			productReference = DFF227451EE4F4270020A582 /* fazendinha_tvOSTests.xctest */;
			productType = "com.apple.product-type.bundle.unit-test";
		};
/* End PBXNativeTarget section */

/* Begin PBXProject section */
		DFF226EC1EE4F3E00020A582 /* Project object */ = {
			isa = PBXProject;
			attributes = {
				LastSwiftUpdateCheck = 0830;
				LastUpgradeCheck = 0900;
				ORGANIZATIONNAME = cyberia;
				TargetAttributes = {
					DFF226F41EE4F3E00020A582 = {
						CreatedOnToolsVersion = 8.3.2;
						DevelopmentTeam = BW4A36633A;
						ProvisioningStyle = Automatic;
					};
					DFF226FD1EE4F3E00020A582 = {
						CreatedOnToolsVersion = 8.3.2;
						DevelopmentTeam = BW4A36633A;
						ProvisioningStyle = Automatic;
					};
					DFF227131EE4F3FE0020A582 = {
						CreatedOnToolsVersion = 8.3.2;
						DevelopmentTeam = BW4A36633A;
						LastSwiftMigration = 0900;
						ProvisioningStyle = Automatic;
					};
					DFF2271B1EE4F3FF0020A582 = {
						CreatedOnToolsVersion = 8.3.2;
						DevelopmentTeam = BW4A36633A;
						LastSwiftMigration = 0900;
						ProvisioningStyle = Automatic;
					};
					DFF2272F1EE4F4190020A582 = {
						CreatedOnToolsVersion = 8.3.2;
						DevelopmentTeam = BW4A36633A;
						ProvisioningStyle = Automatic;
					};
					DFF2273C1EE4F4270020A582 = {
						CreatedOnToolsVersion = 8.3.2;
						DevelopmentTeam = BW4A36633A;
						ProvisioningStyle = Automatic;
					};
					DFF227441EE4F4270020A582 = {
						CreatedOnToolsVersion = 8.3.2;
						DevelopmentTeam = BW4A36633A;
						ProvisioningStyle = Automatic;
					};
				};
			};
			buildConfigurationList = DFF226EF1EE4F3E00020A582 /* Build configuration list for PBXProject "fazendinha" */;
			compatibilityVersion = "Xcode 3.2";
			developmentRegion = English;
			hasScannedForEncodings = 0;
			knownRegions = (
				en,
			);
			mainGroup = DFF226EB1EE4F3E00020A582;
			productRefGroup = DFF226F61EE4F3E00020A582 /* Products */;
			projectDirPath = "";
			projectRoot = "";
			targets = (
				DFF226F41EE4F3E00020A582 /* fazendinha_macOS */,
				DFF226FD1EE4F3E00020A582 /* fazendinha_macOSTests */,
				DFF227131EE4F3FE0020A582 /* fazendinha_iOS */,
				DFF2271B1EE4F3FF0020A582 /* fazendinha_iOSTests */,
				DFF2272F1EE4F4190020A582 /* fazendinha_watchOS */,
				DFF2273C1EE4F4270020A582 /* fazendinha_tvOS */,
				DFF227441EE4F4270020A582 /* fazendinha_tvOSTests */,
			);
		};
/* End PBXProject section */

/* Begin PBXResourcesBuildPhase section */
		DFF226F31EE4F3E00020A582 /* Resources */ = {
			isa = PBXResourcesBuildPhase;
			buildActionMask = 2147483647;
			files = (
			);
			runOnlyForDeploymentPostprocessing = 0;
		};
		DFF226FC1EE4F3E00020A582 /* Resources */ = {
			isa = PBXResourcesBuildPhase;
			buildActionMask = 2147483647;
			files = (
				DFF2279D1EE4F5560020A582 /* GeneratedCPFList.txt in Resources */,
				DFF2279C1EE4F5560020A582 /* GeneratedCNPJList.txt in Resources */,
			);
			runOnlyForDeploymentPostprocessing = 0;
		};
		DFF227121EE4F3FE0020A582 /* Resources */ = {
			isa = PBXResourcesBuildPhase;
			buildActionMask = 2147483647;
			files = (
			);
			runOnlyForDeploymentPostprocessing = 0;
		};
		DFF2271A1EE4F3FF0020A582 /* Resources */ = {
			isa = PBXResourcesBuildPhase;
			buildActionMask = 2147483647;
			files = (
				DFF227A61EE4F5560020A582 /* GeneratedCPFList.txt in Resources */,
				DFF227A51EE4F5560020A582 /* GeneratedCNPJList.txt in Resources */,
			);
			runOnlyForDeploymentPostprocessing = 0;
		};
		DFF2272E1EE4F4190020A582 /* Resources */ = {
			isa = PBXResourcesBuildPhase;
			buildActionMask = 2147483647;
			files = (
			);
			runOnlyForDeploymentPostprocessing = 0;
		};
		DFF2273B1EE4F4270020A582 /* Resources */ = {
			isa = PBXResourcesBuildPhase;
			buildActionMask = 2147483647;
			files = (
			);
			runOnlyForDeploymentPostprocessing = 0;
		};
		DFF227431EE4F4270020A582 /* Resources */ = {
			isa = PBXResourcesBuildPhase;
			buildActionMask = 2147483647;
			files = (
				DFF227AF1EE4F5570020A582 /* GeneratedCPFList.txt in Resources */,
				DFF227AE1EE4F5570020A582 /* GeneratedCNPJList.txt in Resources */,
			);
			runOnlyForDeploymentPostprocessing = 0;
		};
/* End PBXResourcesBuildPhase section */

/* Begin PBXShellScriptBuildPhase section */
		DF9CF74F1EECE706005B4A8D /* SwiftLint */ = {
			isa = PBXShellScriptBuildPhase;
			buildActionMask = 2147483647;
			files = (
			);
			inputPaths = (
			);
			name = SwiftLint;
			outputPaths = (
			);
			runOnlyForDeploymentPostprocessing = 0;
			shellPath = /bin/sh;
			shellScript = "if which swiftlint >/dev/null; then\nswiftlint\nelse\necho \"warning: SwiftLint not installed, download from https://github.com/realm/SwiftLint\"\nfi";
		};
/* End PBXShellScriptBuildPhase section */

/* Begin PBXSourcesBuildPhase section */
		DFF226F01EE4F3E00020A582 /* Sources */ = {
			isa = PBXSourcesBuildPhase;
			buildActionMask = 2147483647;
			files = (
				DFF2276C1EE4F53E0020A582 /* CNPJ.swift in Sources */,
				DFF227741EE4F53E0020A582 /* Validator.swift in Sources */,
				DFF227721EE4F53E0020A582 /* Protocols.swift in Sources */,
				DFF227711EE4F53E0020A582 /* Parser.swift in Sources */,
				DFF2276D1EE4F53E0020A582 /* CPF.swift in Sources */,
				DFF2276F1EE4F53E0020A582 /* FiscalRegion.swift in Sources */,
				DFF227701EE4F53E0020A582 /* Generator.swift in Sources */,
				DFF227731EE4F53E0020A582 /* State.swift in Sources */,
			);
			runOnlyForDeploymentPostprocessing = 0;
		};
		DFF226FA1EE4F3E00020A582 /* Sources */ = {
			isa = PBXSourcesBuildPhase;
			buildActionMask = 2147483647;
			files = (
				DFF2279A1EE4F5560020A582 /* fazendinhaTests.swift in Sources */,
				DFF227A01EE4F5560020A582 /* StateTests.swift in Sources */,
				DFF227981EE4F5560020A582 /* CNPJTests.swift in Sources */,
				DFF2279F1EE4F5560020A582 /* ParserTests.swift in Sources */,
				DFF2279E1EE4F5560020A582 /* ListImporter.swift in Sources */,
				DFF227991EE4F5560020A582 /* CPFTests.swift in Sources */,
				DFF2279B1EE4F5560020A582 /* FiscalRegionTests.swift in Sources */,
			);
			runOnlyForDeploymentPostprocessing = 0;
		};
		DFF2270F1EE4F3FE0020A582 /* Sources */ = {
			isa = PBXSourcesBuildPhase;
			buildActionMask = 2147483647;
			files = (
				DFF2277D1EE4F53F0020A582 /* Validator.swift in Sources */,
				DFF227751EE4F53F0020A582 /* CNPJ.swift in Sources */,
				DFF227791EE4F53F0020A582 /* Generator.swift in Sources */,
				DFF2277A1EE4F53F0020A582 /* Parser.swift in Sources */,
				DFF2277B1EE4F53F0020A582 /* Protocols.swift in Sources */,
				DFF227781EE4F53F0020A582 /* FiscalRegion.swift in Sources */,
				DFF2277C1EE4F53F0020A582 /* State.swift in Sources */,
				DFF227761EE4F53F0020A582 /* CPF.swift in Sources */,
			);
			runOnlyForDeploymentPostprocessing = 0;
		};
		DFF227181EE4F3FF0020A582 /* Sources */ = {
			isa = PBXSourcesBuildPhase;
			buildActionMask = 2147483647;
			files = (
				DFF227A31EE4F5560020A582 /* fazendinhaTests.swift in Sources */,
				DFF227A91EE4F5560020A582 /* StateTests.swift in Sources */,
				DFF227A11EE4F5560020A582 /* CNPJTests.swift in Sources */,
				DFF227A81EE4F5560020A582 /* ParserTests.swift in Sources */,
				DFF227A71EE4F5560020A582 /* ListImporter.swift in Sources */,
				DFF227A21EE4F5560020A582 /* CPFTests.swift in Sources */,
				DFF227A41EE4F5560020A582 /* FiscalRegionTests.swift in Sources */,
			);
			runOnlyForDeploymentPostprocessing = 0;
		};
		DFF2272B1EE4F4190020A582 /* Sources */ = {
			isa = PBXSourcesBuildPhase;
			buildActionMask = 2147483647;
			files = (
				DFF227861EE4F5400020A582 /* Validator.swift in Sources */,
				DFF2277E1EE4F5400020A582 /* CNPJ.swift in Sources */,
				DFF227821EE4F5400020A582 /* Generator.swift in Sources */,
				DFF227831EE4F5400020A582 /* Parser.swift in Sources */,
				DFF227841EE4F5400020A582 /* Protocols.swift in Sources */,
				DFF227811EE4F5400020A582 /* FiscalRegion.swift in Sources */,
				DFF227851EE4F5400020A582 /* State.swift in Sources */,
				DFF2277F1EE4F5400020A582 /* CPF.swift in Sources */,
			);
			runOnlyForDeploymentPostprocessing = 0;
		};
		DFF227381EE4F4270020A582 /* Sources */ = {
			isa = PBXSourcesBuildPhase;
			buildActionMask = 2147483647;
			files = (
				DFF2278F1EE4F5410020A582 /* Validator.swift in Sources */,
				DFF227871EE4F5410020A582 /* CNPJ.swift in Sources */,
				DFF2278B1EE4F5410020A582 /* Generator.swift in Sources */,
				DFF2278C1EE4F5410020A582 /* Parser.swift in Sources */,
				DFF2278D1EE4F5410020A582 /* Protocols.swift in Sources */,
				DFF2278A1EE4F5410020A582 /* FiscalRegion.swift in Sources */,
				DFF2278E1EE4F5410020A582 /* State.swift in Sources */,
				DFF227881EE4F5410020A582 /* CPF.swift in Sources */,
			);
			runOnlyForDeploymentPostprocessing = 0;
		};
		DFF227411EE4F4270020A582 /* Sources */ = {
			isa = PBXSourcesBuildPhase;
			buildActionMask = 2147483647;
			files = (
				DFF227AC1EE4F5570020A582 /* fazendinhaTests.swift in Sources */,
				DFF227B21EE4F5570020A582 /* StateTests.swift in Sources */,
				DFF227AA1EE4F5570020A582 /* CNPJTests.swift in Sources */,
				DFF227B11EE4F5570020A582 /* ParserTests.swift in Sources */,
				DFF227B01EE4F5570020A582 /* ListImporter.swift in Sources */,
				DFF227AB1EE4F5570020A582 /* CPFTests.swift in Sources */,
				DFF227AD1EE4F5570020A582 /* FiscalRegionTests.swift in Sources */,
			);
			runOnlyForDeploymentPostprocessing = 0;
		};
/* End PBXSourcesBuildPhase section */

/* Begin PBXTargetDependency section */
		DFF227011EE4F3E00020A582 /* PBXTargetDependency */ = {
			isa = PBXTargetDependency;
			target = DFF226F41EE4F3E00020A582 /* fazendinha_macOS */;
			targetProxy = DFF227001EE4F3E00020A582 /* PBXContainerItemProxy */;
		};
		DFF2271F1EE4F3FF0020A582 /* PBXTargetDependency */ = {
			isa = PBXTargetDependency;
			target = DFF227131EE4F3FE0020A582 /* fazendinha_iOS */;
			targetProxy = DFF2271E1EE4F3FF0020A582 /* PBXContainerItemProxy */;
		};
		DFF227481EE4F4280020A582 /* PBXTargetDependency */ = {
			isa = PBXTargetDependency;
			target = DFF2273C1EE4F4270020A582 /* fazendinha_tvOS */;
			targetProxy = DFF227471EE4F4280020A582 /* PBXContainerItemProxy */;
		};
/* End PBXTargetDependency section */

/* Begin XCBuildConfiguration section */
		DFF227071EE4F3E00020A582 /* Debug */ = {
			isa = XCBuildConfiguration;
			buildSettings = {
				ALWAYS_SEARCH_USER_PATHS = NO;
				CLANG_ANALYZER_NONNULL = YES;
				CLANG_ANALYZER_NUMBER_OBJECT_CONVERSION = YES_AGGRESSIVE;
				CLANG_CXX_LANGUAGE_STANDARD = "gnu++0x";
				CLANG_CXX_LIBRARY = "libc++";
				CLANG_ENABLE_MODULES = YES;
				CLANG_ENABLE_OBJC_ARC = YES;
				CLANG_WARN_BLOCK_CAPTURE_AUTORELEASING = YES;
				CLANG_WARN_BOOL_CONVERSION = YES;
				CLANG_WARN_COMMA = YES;
				CLANG_WARN_CONSTANT_CONVERSION = YES;
				CLANG_WARN_DIRECT_OBJC_ISA_USAGE = YES_ERROR;
				CLANG_WARN_DOCUMENTATION_COMMENTS = YES;
				CLANG_WARN_EMPTY_BODY = YES;
				CLANG_WARN_ENUM_CONVERSION = YES;
				CLANG_WARN_INFINITE_RECURSION = YES;
				CLANG_WARN_INT_CONVERSION = YES;
				CLANG_WARN_NON_LITERAL_NULL_CONVERSION = YES;
				CLANG_WARN_OBJC_LITERAL_CONVERSION = YES;
				CLANG_WARN_OBJC_ROOT_CLASS = YES_ERROR;
				CLANG_WARN_RANGE_LOOP_ANALYSIS = YES;
				CLANG_WARN_STRICT_PROTOTYPES = YES;
				CLANG_WARN_SUSPICIOUS_MOVE = YES;
				CLANG_WARN_UNREACHABLE_CODE = YES;
				CLANG_WARN__DUPLICATE_METHOD_MATCH = YES;
				CODE_SIGN_IDENTITY = "-";
				COPY_PHASE_STRIP = NO;
				CURRENT_PROJECT_VERSION = 1;
				DEBUG_INFORMATION_FORMAT = dwarf;
				ENABLE_STRICT_OBJC_MSGSEND = YES;
				ENABLE_TESTABILITY = YES;
				GCC_C_LANGUAGE_STANDARD = gnu99;
				GCC_DYNAMIC_NO_PIC = NO;
				GCC_NO_COMMON_BLOCKS = YES;
				GCC_OPTIMIZATION_LEVEL = 0;
				GCC_PREPROCESSOR_DEFINITIONS = (
					"DEBUG=1",
					"$(inherited)",
				);
				GCC_WARN_64_TO_32_BIT_CONVERSION = YES;
				GCC_WARN_ABOUT_MISSING_NEWLINE = YES;
				GCC_WARN_ABOUT_RETURN_TYPE = YES_ERROR;
				GCC_WARN_UNDECLARED_SELECTOR = YES;
				GCC_WARN_UNINITIALIZED_AUTOS = YES_AGGRESSIVE;
				GCC_WARN_UNUSED_FUNCTION = YES;
				GCC_WARN_UNUSED_VARIABLE = YES;
				MACOSX_DEPLOYMENT_TARGET = 10.12;
				MTL_ENABLE_DEBUG_INFO = YES;
				ONLY_ACTIVE_ARCH = YES;
				SDKROOT = macosx;
				SWIFT_ACTIVE_COMPILATION_CONDITIONS = DEBUG;
				SWIFT_OPTIMIZATION_LEVEL = "-Onone";
				SWIFT_SWIFT3_OBJC_INFERENCE = Off;
				VERSIONING_SYSTEM = "apple-generic";
				VERSION_INFO_PREFIX = "";
			};
			name = Debug;
		};
		DFF227081EE4F3E00020A582 /* Release */ = {
			isa = XCBuildConfiguration;
			buildSettings = {
				ALWAYS_SEARCH_USER_PATHS = NO;
				CLANG_ANALYZER_NONNULL = YES;
				CLANG_ANALYZER_NUMBER_OBJECT_CONVERSION = YES_AGGRESSIVE;
				CLANG_CXX_LANGUAGE_STANDARD = "gnu++0x";
				CLANG_CXX_LIBRARY = "libc++";
				CLANG_ENABLE_MODULES = YES;
				CLANG_ENABLE_OBJC_ARC = YES;
				CLANG_WARN_BLOCK_CAPTURE_AUTORELEASING = YES;
				CLANG_WARN_BOOL_CONVERSION = YES;
				CLANG_WARN_COMMA = YES;
				CLANG_WARN_CONSTANT_CONVERSION = YES;
				CLANG_WARN_DIRECT_OBJC_ISA_USAGE = YES_ERROR;
				CLANG_WARN_DOCUMENTATION_COMMENTS = YES;
				CLANG_WARN_EMPTY_BODY = YES;
				CLANG_WARN_ENUM_CONVERSION = YES;
				CLANG_WARN_INFINITE_RECURSION = YES;
				CLANG_WARN_INT_CONVERSION = YES;
				CLANG_WARN_NON_LITERAL_NULL_CONVERSION = YES;
				CLANG_WARN_OBJC_LITERAL_CONVERSION = YES;
				CLANG_WARN_OBJC_ROOT_CLASS = YES_ERROR;
				CLANG_WARN_RANGE_LOOP_ANALYSIS = YES;
				CLANG_WARN_STRICT_PROTOTYPES = YES;
				CLANG_WARN_SUSPICIOUS_MOVE = YES;
				CLANG_WARN_UNREACHABLE_CODE = YES;
				CLANG_WARN__DUPLICATE_METHOD_MATCH = YES;
				CODE_SIGN_IDENTITY = "-";
				COPY_PHASE_STRIP = NO;
				CURRENT_PROJECT_VERSION = 1;
				DEBUG_INFORMATION_FORMAT = "dwarf-with-dsym";
				ENABLE_NS_ASSERTIONS = NO;
				ENABLE_STRICT_OBJC_MSGSEND = YES;
				GCC_C_LANGUAGE_STANDARD = gnu99;
				GCC_NO_COMMON_BLOCKS = YES;
				GCC_WARN_64_TO_32_BIT_CONVERSION = YES;
				GCC_WARN_ABOUT_MISSING_NEWLINE = YES;
				GCC_WARN_ABOUT_RETURN_TYPE = YES_ERROR;
				GCC_WARN_UNDECLARED_SELECTOR = YES;
				GCC_WARN_UNINITIALIZED_AUTOS = YES_AGGRESSIVE;
				GCC_WARN_UNUSED_FUNCTION = YES;
				GCC_WARN_UNUSED_VARIABLE = YES;
				MACOSX_DEPLOYMENT_TARGET = 10.12;
				MTL_ENABLE_DEBUG_INFO = NO;
				SDKROOT = macosx;
				SWIFT_OPTIMIZATION_LEVEL = "-Owholemodule";
				SWIFT_SWIFT3_OBJC_INFERENCE = Off;
				VERSIONING_SYSTEM = "apple-generic";
				VERSION_INFO_PREFIX = "";
			};
			name = Release;
		};
		DFF2270A1EE4F3E00020A582 /* Debug */ = {
			isa = XCBuildConfiguration;
			buildSettings = {
				CODE_SIGN_IDENTITY = "";
				COMBINE_HIDPI_IMAGES = YES;
				DEFINES_MODULE = YES;
				DEVELOPMENT_TEAM = BW4A36633A;
				DYLIB_COMPATIBILITY_VERSION = 1;
				DYLIB_CURRENT_VERSION = 1;
				DYLIB_INSTALL_NAME_BASE = "@rpath";
				FRAMEWORK_VERSION = A;
				INFOPLIST_FILE = Common/Info.plist;
				INSTALL_PATH = "$(LOCAL_LIBRARY_DIR)/Frameworks";
				LD_RUNPATH_SEARCH_PATHS = "$(inherited) @executable_path/../Frameworks @loader_path/Frameworks";
				PRODUCT_BUNDLE_IDENTIFIER = "br.net.cyberia.fazendinha-macOS";
				PRODUCT_NAME = fazendinha;
				SKIP_INSTALL = YES;
				SWIFT_VERSION = 3.0;
			};
			name = Debug;
		};
		DFF2270B1EE4F3E00020A582 /* Release */ = {
			isa = XCBuildConfiguration;
			buildSettings = {
				CODE_SIGN_IDENTITY = "";
				COMBINE_HIDPI_IMAGES = YES;
				DEFINES_MODULE = YES;
				DEVELOPMENT_TEAM = BW4A36633A;
				DYLIB_COMPATIBILITY_VERSION = 1;
				DYLIB_CURRENT_VERSION = 1;
				DYLIB_INSTALL_NAME_BASE = "@rpath";
				FRAMEWORK_VERSION = A;
				INFOPLIST_FILE = Common/Info.plist;
				INSTALL_PATH = "$(LOCAL_LIBRARY_DIR)/Frameworks";
				LD_RUNPATH_SEARCH_PATHS = "$(inherited) @executable_path/../Frameworks @loader_path/Frameworks";
				PRODUCT_BUNDLE_IDENTIFIER = "br.net.cyberia.fazendinha-macOS";
				PRODUCT_NAME = fazendinha;
				SKIP_INSTALL = YES;
				SWIFT_VERSION = 3.0;
			};
			name = Release;
		};
		DFF2270D1EE4F3E00020A582 /* Debug */ = {
			isa = XCBuildConfiguration;
			buildSettings = {
				ALWAYS_EMBED_SWIFT_STANDARD_LIBRARIES = YES;
				COMBINE_HIDPI_IMAGES = YES;
				DEVELOPMENT_TEAM = BW4A36633A;
				INFOPLIST_FILE = CommonTests/Info.plist;
				LD_RUNPATH_SEARCH_PATHS = "$(inherited) @executable_path/../Frameworks @loader_path/../Frameworks";
				PRODUCT_BUNDLE_IDENTIFIER = "br.net.cyberia.fazendinha-macOSTests";
				PRODUCT_NAME = "$(TARGET_NAME)";
				SWIFT_VERSION = 3.0;
			};
			name = Debug;
		};
		DFF2270E1EE4F3E00020A582 /* Release */ = {
			isa = XCBuildConfiguration;
			buildSettings = {
				ALWAYS_EMBED_SWIFT_STANDARD_LIBRARIES = YES;
				COMBINE_HIDPI_IMAGES = YES;
				DEVELOPMENT_TEAM = BW4A36633A;
				INFOPLIST_FILE = CommonTests/Info.plist;
				LD_RUNPATH_SEARCH_PATHS = "$(inherited) @executable_path/../Frameworks @loader_path/../Frameworks";
				PRODUCT_BUNDLE_IDENTIFIER = "br.net.cyberia.fazendinha-macOSTests";
				PRODUCT_NAME = "$(TARGET_NAME)";
				SWIFT_VERSION = 3.0;
			};
			name = Release;
		};
		DFF227261EE4F3FF0020A582 /* Debug */ = {
			isa = XCBuildConfiguration;
			buildSettings = {
				CODE_SIGN_IDENTITY = "";
				"CODE_SIGN_IDENTITY[sdk=iphoneos*]" = "";
				DEFINES_MODULE = YES;
				DEVELOPMENT_TEAM = BW4A36633A;
				DYLIB_COMPATIBILITY_VERSION = 1;
				DYLIB_CURRENT_VERSION = 1;
				DYLIB_INSTALL_NAME_BASE = "@rpath";
				INFOPLIST_FILE = Common/Info.plist;
				INSTALL_PATH = "$(LOCAL_LIBRARY_DIR)/Frameworks";
				IPHONEOS_DEPLOYMENT_TARGET = 10.3;
				LD_RUNPATH_SEARCH_PATHS = "$(inherited) @executable_path/Frameworks @loader_path/Frameworks";
				PRODUCT_BUNDLE_IDENTIFIER = "br.net.cyberia.fazendinha-iOS";
				PRODUCT_NAME = fazendinha;
				SDKROOT = iphoneos;
				SKIP_INSTALL = YES;
				SWIFT_VERSION = 4.0;
				TARGETED_DEVICE_FAMILY = "1,2";
			};
			name = Debug;
		};
		DFF227271EE4F3FF0020A582 /* Release */ = {
			isa = XCBuildConfiguration;
			buildSettings = {
				CODE_SIGN_IDENTITY = "";
				"CODE_SIGN_IDENTITY[sdk=iphoneos*]" = "";
				DEFINES_MODULE = YES;
				DEVELOPMENT_TEAM = BW4A36633A;
				DYLIB_COMPATIBILITY_VERSION = 1;
				DYLIB_CURRENT_VERSION = 1;
				DYLIB_INSTALL_NAME_BASE = "@rpath";
				INFOPLIST_FILE = Common/Info.plist;
				INSTALL_PATH = "$(LOCAL_LIBRARY_DIR)/Frameworks";
				IPHONEOS_DEPLOYMENT_TARGET = 10.3;
				LD_RUNPATH_SEARCH_PATHS = "$(inherited) @executable_path/Frameworks @loader_path/Frameworks";
				PRODUCT_BUNDLE_IDENTIFIER = "br.net.cyberia.fazendinha-iOS";
				PRODUCT_NAME = fazendinha;
				SDKROOT = iphoneos;
				SKIP_INSTALL = YES;
				SWIFT_VERSION = 4.0;
				TARGETED_DEVICE_FAMILY = "1,2";
				VALIDATE_PRODUCT = YES;
			};
			name = Release;
		};
		DFF227291EE4F3FF0020A582 /* Debug */ = {
			isa = XCBuildConfiguration;
			buildSettings = {
				ALWAYS_EMBED_SWIFT_STANDARD_LIBRARIES = YES;
				"CODE_SIGN_IDENTITY[sdk=iphoneos*]" = "iPhone Developer";
				DEVELOPMENT_TEAM = BW4A36633A;
				INFOPLIST_FILE = CommonTests/Info.plist;
				IPHONEOS_DEPLOYMENT_TARGET = 10.3;
				LD_RUNPATH_SEARCH_PATHS = "$(inherited) @executable_path/Frameworks @loader_path/Frameworks";
				PRODUCT_BUNDLE_IDENTIFIER = "br.net.cyberia.fazendinha-iOSTests";
				PRODUCT_NAME = "$(TARGET_NAME)";
				SDKROOT = iphoneos;
				SWIFT_VERSION = 4.0;
			};
			name = Debug;
		};
		DFF2272A1EE4F3FF0020A582 /* Release */ = {
			isa = XCBuildConfiguration;
			buildSettings = {
				ALWAYS_EMBED_SWIFT_STANDARD_LIBRARIES = YES;
				"CODE_SIGN_IDENTITY[sdk=iphoneos*]" = "iPhone Developer";
				DEVELOPMENT_TEAM = BW4A36633A;
				INFOPLIST_FILE = CommonTests/Info.plist;
				IPHONEOS_DEPLOYMENT_TARGET = 10.3;
				LD_RUNPATH_SEARCH_PATHS = "$(inherited) @executable_path/Frameworks @loader_path/Frameworks";
				PRODUCT_BUNDLE_IDENTIFIER = "br.net.cyberia.fazendinha-iOSTests";
				PRODUCT_NAME = "$(TARGET_NAME)";
				SDKROOT = iphoneos;
				SWIFT_VERSION = 4.0;
				VALIDATE_PRODUCT = YES;
			};
			name = Release;
		};
		DFF227361EE4F4190020A582 /* Debug */ = {
			isa = XCBuildConfiguration;
			buildSettings = {
				APPLICATION_EXTENSION_API_ONLY = YES;
				CODE_SIGN_IDENTITY = "";
				DEFINES_MODULE = YES;
				DEVELOPMENT_TEAM = BW4A36633A;
				DYLIB_COMPATIBILITY_VERSION = 1;
				DYLIB_CURRENT_VERSION = 1;
				DYLIB_INSTALL_NAME_BASE = "@rpath";
				INFOPLIST_FILE = Common/Info.plist;
				INSTALL_PATH = "$(LOCAL_LIBRARY_DIR)/Frameworks";
				LD_RUNPATH_SEARCH_PATHS = "$(inherited) @executable_path/Frameworks @loader_path/Frameworks";
				PRODUCT_BUNDLE_IDENTIFIER = "br.net.cyberia.fazendinha-watchOS";
				PRODUCT_NAME = fazendinha;
				SDKROOT = watchos;
				SKIP_INSTALL = YES;
				SWIFT_VERSION = 3.0;
				TARGETED_DEVICE_FAMILY = 4;
				WATCHOS_DEPLOYMENT_TARGET = 3.2;
			};
			name = Debug;
		};
		DFF227371EE4F4190020A582 /* Release */ = {
			isa = XCBuildConfiguration;
			buildSettings = {
				APPLICATION_EXTENSION_API_ONLY = YES;
				CODE_SIGN_IDENTITY = "";
				DEFINES_MODULE = YES;
				DEVELOPMENT_TEAM = BW4A36633A;
				DYLIB_COMPATIBILITY_VERSION = 1;
				DYLIB_CURRENT_VERSION = 1;
				DYLIB_INSTALL_NAME_BASE = "@rpath";
				INFOPLIST_FILE = Common/Info.plist;
				INSTALL_PATH = "$(LOCAL_LIBRARY_DIR)/Frameworks";
				LD_RUNPATH_SEARCH_PATHS = "$(inherited) @executable_path/Frameworks @loader_path/Frameworks";
				PRODUCT_BUNDLE_IDENTIFIER = "br.net.cyberia.fazendinha-watchOS";
				PRODUCT_NAME = fazendinha;
				SDKROOT = watchos;
				SKIP_INSTALL = YES;
				SWIFT_VERSION = 3.0;
				TARGETED_DEVICE_FAMILY = 4;
				VALIDATE_PRODUCT = YES;
				WATCHOS_DEPLOYMENT_TARGET = 3.2;
			};
			name = Release;
		};
		DFF2274F1EE4F4280020A582 /* Debug */ = {
			isa = XCBuildConfiguration;
			buildSettings = {
				CODE_SIGN_IDENTITY = "";
				DEFINES_MODULE = YES;
				DEVELOPMENT_TEAM = BW4A36633A;
				DYLIB_COMPATIBILITY_VERSION = 1;
				DYLIB_CURRENT_VERSION = 1;
				DYLIB_INSTALL_NAME_BASE = "@rpath";
				INFOPLIST_FILE = Common/Info.plist;
				INSTALL_PATH = "$(LOCAL_LIBRARY_DIR)/Frameworks";
				LD_RUNPATH_SEARCH_PATHS = "$(inherited) @executable_path/Frameworks @loader_path/Frameworks";
				PRODUCT_BUNDLE_IDENTIFIER = "br.net.cyberia.fazendinha-tvOS";
				PRODUCT_NAME = fazendinha;
				SDKROOT = appletvos;
				SKIP_INSTALL = YES;
				SWIFT_VERSION = 3.0;
				TARGETED_DEVICE_FAMILY = 3;
				TVOS_DEPLOYMENT_TARGET = 10.2;
			};
			name = Debug;
		};
		DFF227501EE4F4280020A582 /* Release */ = {
			isa = XCBuildConfiguration;
			buildSettings = {
				CODE_SIGN_IDENTITY = "";
				DEFINES_MODULE = YES;
				DEVELOPMENT_TEAM = BW4A36633A;
				DYLIB_COMPATIBILITY_VERSION = 1;
				DYLIB_CURRENT_VERSION = 1;
				DYLIB_INSTALL_NAME_BASE = "@rpath";
				INFOPLIST_FILE = Common/Info.plist;
				INSTALL_PATH = "$(LOCAL_LIBRARY_DIR)/Frameworks";
				LD_RUNPATH_SEARCH_PATHS = "$(inherited) @executable_path/Frameworks @loader_path/Frameworks";
				PRODUCT_BUNDLE_IDENTIFIER = "br.net.cyberia.fazendinha-tvOS";
				PRODUCT_NAME = fazendinha;
				SDKROOT = appletvos;
				SKIP_INSTALL = YES;
				SWIFT_VERSION = 3.0;
				TARGETED_DEVICE_FAMILY = 3;
				TVOS_DEPLOYMENT_TARGET = 10.2;
				VALIDATE_PRODUCT = YES;
			};
			name = Release;
		};
		DFF227521EE4F4280020A582 /* Debug */ = {
			isa = XCBuildConfiguration;
			buildSettings = {
				ALWAYS_EMBED_SWIFT_STANDARD_LIBRARIES = YES;
				DEVELOPMENT_TEAM = BW4A36633A;
				INFOPLIST_FILE = CommonTests/Info.plist;
				LD_RUNPATH_SEARCH_PATHS = "$(inherited) @executable_path/Frameworks @loader_path/Frameworks";
				PRODUCT_BUNDLE_IDENTIFIER = "br.net.cyberia.fazendinha-tvOSTests";
				PRODUCT_NAME = "$(TARGET_NAME)";
				SDKROOT = appletvos;
				SWIFT_VERSION = 3.0;
				TVOS_DEPLOYMENT_TARGET = 10.2;
			};
			name = Debug;
		};
		DFF227531EE4F4280020A582 /* Release */ = {
			isa = XCBuildConfiguration;
			buildSettings = {
				ALWAYS_EMBED_SWIFT_STANDARD_LIBRARIES = YES;
				DEVELOPMENT_TEAM = BW4A36633A;
				INFOPLIST_FILE = CommonTests/Info.plist;
				LD_RUNPATH_SEARCH_PATHS = "$(inherited) @executable_path/Frameworks @loader_path/Frameworks";
				PRODUCT_BUNDLE_IDENTIFIER = "br.net.cyberia.fazendinha-tvOSTests";
				PRODUCT_NAME = "$(TARGET_NAME)";
				SDKROOT = appletvos;
				SWIFT_VERSION = 3.0;
				TVOS_DEPLOYMENT_TARGET = 10.2;
				VALIDATE_PRODUCT = YES;
			};
			name = Release;
		};
/* End XCBuildConfiguration section */

/* Begin XCConfigurationList section */
		DFF226EF1EE4F3E00020A582 /* Build configuration list for PBXProject "fazendinha" */ = {
			isa = XCConfigurationList;
			buildConfigurations = (
				DFF227071EE4F3E00020A582 /* Debug */,
				DFF227081EE4F3E00020A582 /* Release */,
			);
			defaultConfigurationIsVisible = 0;
			defaultConfigurationName = Release;
		};
		DFF227091EE4F3E00020A582 /* Build configuration list for PBXNativeTarget "fazendinha_macOS" */ = {
			isa = XCConfigurationList;
			buildConfigurations = (
				DFF2270A1EE4F3E00020A582 /* Debug */,
				DFF2270B1EE4F3E00020A582 /* Release */,
			);
			defaultConfigurationIsVisible = 0;
			defaultConfigurationName = Release;
		};
		DFF2270C1EE4F3E00020A582 /* Build configuration list for PBXNativeTarget "fazendinha_macOSTests" */ = {
			isa = XCConfigurationList;
			buildConfigurations = (
				DFF2270D1EE4F3E00020A582 /* Debug */,
				DFF2270E1EE4F3E00020A582 /* Release */,
			);
			defaultConfigurationIsVisible = 0;
			defaultConfigurationName = Release;
		};
		DFF227251EE4F3FF0020A582 /* Build configuration list for PBXNativeTarget "fazendinha_iOS" */ = {
			isa = XCConfigurationList;
			buildConfigurations = (
				DFF227261EE4F3FF0020A582 /* Debug */,
				DFF227271EE4F3FF0020A582 /* Release */,
			);
			defaultConfigurationIsVisible = 0;
			defaultConfigurationName = Release;
		};
		DFF227281EE4F3FF0020A582 /* Build configuration list for PBXNativeTarget "fazendinha_iOSTests" */ = {
			isa = XCConfigurationList;
			buildConfigurations = (
				DFF227291EE4F3FF0020A582 /* Debug */,
				DFF2272A1EE4F3FF0020A582 /* Release */,
			);
			defaultConfigurationIsVisible = 0;
			defaultConfigurationName = Release;
		};
		DFF227351EE4F4190020A582 /* Build configuration list for PBXNativeTarget "fazendinha_watchOS" */ = {
			isa = XCConfigurationList;
			buildConfigurations = (
				DFF227361EE4F4190020A582 /* Debug */,
				DFF227371EE4F4190020A582 /* Release */,
			);
			defaultConfigurationIsVisible = 0;
			defaultConfigurationName = Release;
		};
		DFF2274E1EE4F4280020A582 /* Build configuration list for PBXNativeTarget "fazendinha_tvOS" */ = {
			isa = XCConfigurationList;
			buildConfigurations = (
				DFF2274F1EE4F4280020A582 /* Debug */,
				DFF227501EE4F4280020A582 /* Release */,
			);
			defaultConfigurationIsVisible = 0;
			defaultConfigurationName = Release;
		};
		DFF227511EE4F4280020A582 /* Build configuration list for PBXNativeTarget "fazendinha_tvOSTests" */ = {
			isa = XCConfigurationList;
			buildConfigurations = (
				DFF227521EE4F4280020A582 /* Debug */,
				DFF227531EE4F4280020A582 /* Release */,
			);
			defaultConfigurationIsVisible = 0;
			defaultConfigurationName = Release;
		};
/* End XCConfigurationList section */
	};
	rootObject = DFF226EC1EE4F3E00020A582 /* Project object */;
}
