// !$*UTF8*$!
{
	archiveVersion = 1;
	classes = {
	};
	objectVersion = 46;
	objects = {

/* Begin PBXGroup section */
		DF55E52A1E738FFC0065DA1A = {
			isa = PBXGroup;
			children = (
			);
			sourceTree = "<group>";
		};
/* End PBXGroup section */

/* Begin PBXProject section */
		DF55E52B1E738FFC0065DA1A /* Project object */ = {
			isa = PBXProject;
			attributes = {
				LastUpgradeCheck = 0820;
			};
			buildConfigurationList = DF55E52E1E738FFC0065DA1A /* Build configuration list for PBXProject "fazendinha" */;
			compatibilityVersion = "Xcode 3.2";
			developmentRegion = English;
			hasScannedForEncodings = 0;
			knownRegions = (
				en,
			);
			mainGroup = DF55E52A1E738FFC0065DA1A;
			projectDirPath = "";
			projectRoot = "";
			targets = (
			);
		};
/* End PBXProject section */

/* Begin XCBuildConfiguration section */
		DF55E52F1E738FFC0065DA1A /* Debug */ = {
			isa = XCBuildConfiguration;
			buildSettings = {
			};
			name = Debug;
		};
		DF55E5301E738FFC0065DA1A /* Release */ = {
			isa = XCBuildConfiguration;
			buildSettings = {
			};
			name = Release;
		};
/* End XCBuildConfiguration section */

/* Begin XCConfigurationList section */
		DF55E52E1E738FFC0065DA1A /* Build configuration list for PBXProject "fazendinha" */ = {
			isa = XCConfigurationList;
			buildConfigurations = (
				DF55E52F1E738FFC0065DA1A /* Debug */,
				DF55E5301E738FFC0065DA1A /* Release */,
			);
			defaultConfigurationIsVisible = 0;
			defaultConfigurationName = Release;
		};
/* End XCConfigurationList section */
	};
	rootObject = DF55E52B1E738FFC0065DA1A /* Project object */;
}
